
Microsoft Visual Studio Solution File, Format Version 12.00
# Visual Studio Version 17
VisualStudioVersion = 17.6.33712.159
MinimumVisualStudioVersion = 10.0.40219.1
Project("{8BC9CEB8-8B4A-11D0-8D11-00A0C91BC942}") = "Vücut Kitle İndeksi", "Vücut Kitle İndeksi.vcxproj", "{321FB380-27D4-4930-A3CC-85E16A53E51C}"
EndProject
Global
	GlobalSection(SolutionConfigurationPlatforms) = preSolution
		Debug|x64 = Debug|x64
		Debug|x86 = Debug|x86
		Release|x64 = Release|x64
		Release|x86 = Release|x86
	EndGlobalSection
	GlobalSection(ProjectConfigurationPlatforms) = postSolution
		{321FB380-27D4-4930-A3CC-85E16A53E51C}.Debug|x64.ActiveCfg = Debug|x64
		{321FB380-27D4-4930-A3CC-85E16A53E51C}.Debug|x64.Build.0 = Debug|x64
		{321FB380-27D4-4930-A3CC-85E16A53E51C}.Debug|x86.ActiveCfg = Debug|Win32
		{321FB380-27D4-4930-A3CC-85E16A53E51C}.Debug|x86.Build.0 = Debug|Win32
		{321FB380-27D4-4930-A3CC-85E16A53E51C}.Release|x64.ActiveCfg = Release|x64
		{321FB380-27D4-4930-A3CC-85E16A53E51C}.Release|x64.Build.0 = Release|x64
		{321FB380-27D4-4930-A3CC-85E16A53E51C}.Release|x86.ActiveCfg = Release|Win32
		{321FB380-27D4-4930-A3CC-85E16A53E51C}.Release|x86.Build.0 = Release|Win32
	EndGlobalSection
	GlobalSection(SolutionProperties) = preSolution
		HideSolutionNode = FALSE
	EndGlobalSection
	GlobalSection(ExtensibilityGlobals) = postSolution
		SolutionGuid = {3AFF8417-B48C-44EE-88EE-43E5A7D6073A}
	EndGlobalSection
EndGlobal
